
Microsoft Visual Studio Solution File, Format Version 12.00
# Visual Studio Version 17
VisualStudioVersion = 17.10.35122.118
MinimumVisualStudioVersion = 10.0.40219.1
Project("{FAE04EC0-301F-11D3-BF4B-00C04F79EFBC}") = "ProjectGraph", "ProjectGraph\ProjectGraph.csproj", "{B4693CFD-9CD1-4BD2-AD70-2914E68C8AAF}"
EndProject
Global
	GlobalSection(SolutionConfigurationPlatforms) = preSolution
		Debug|Any CPU = Debug|Any CPU
		Release|Any CPU = Release|Any CPU
	EndGlobalSection
	GlobalSection(ProjectConfigurationPlatforms) = postSolution
		{B4693CFD-9CD1-4BD2-AD70-2914E68C8AAF}.Debug|Any CPU.ActiveCfg = Debug|Any CPU
		{B4693CFD-9CD1-4BD2-AD70-2914E68C8AAF}.Debug|Any CPU.Build.0 = Debug|Any CPU
		{B4693CFD-9CD1-4BD2-AD70-2914E68C8AAF}.Release|Any CPU.ActiveCfg = Release|Any CPU
		{B4693CFD-9CD1-4BD2-AD70-2914E68C8AAF}.Release|Any CPU.Build.0 = Release|Any CPU
	EndGlobalSection
	GlobalSection(SolutionProperties) = preSolution
		HideSolutionNode = FALSE
	EndGlobalSection
	GlobalSection(ExtensibilityGlobals) = postSolution
		SolutionGuid = {E7F09B4F-520F-431D-90F3-798A07318167}
	EndGlobalSection
EndGlobal
